
Microsoft Visual Studio Solution File, Format Version 12.00
# Visual Studio Version 17
VisualStudioVersion = 17.2.32630.192
MinimumVisualStudioVersion = 10.0.40219.1
Project("{FAE04EC0-301F-11D3-BF4B-00C04F79EFBC}") = "Task Management Application", "Task Management Application\Task Management Application.csproj", "{EA05E665-D632-4B36-A032-04EF6245F147}"
EndProject
Global
	GlobalSection(SolutionConfigurationPlatforms) = preSolution
		Debug|Any CPU = Debug|Any CPU
		Release|Any CPU = Release|Any CPU
	EndGlobalSection
	GlobalSection(ProjectConfigurationPlatforms) = postSolution
		{EA05E665-D632-4B36-A032-04EF6245F147}.Debug|Any CPU.ActiveCfg = Debug|Any CPU
		{EA05E665-D632-4B36-A032-04EF6245F147}.Debug|Any CPU.Build.0 = Debug|Any CPU
		{EA05E665-D632-4B36-A032-04EF6245F147}.Release|Any CPU.ActiveCfg = Release|Any CPU
		{EA05E665-D632-4B36-A032-04EF6245F147}.Release|Any CPU.Build.0 = Release|Any CPU
	EndGlobalSection
	GlobalSection(SolutionProperties) = preSolution
		HideSolutionNode = FALSE
	EndGlobalSection
	GlobalSection(ExtensibilityGlobals) = postSolution
		SolutionGuid = {FA0736AD-70B9-4652-9BFA-7FC9CDD2520F}
	EndGlobalSection
EndGlobal
